
Microsoft Visual Studio Solution File, Format Version 12.00
# Visual Studio Version 17
VisualStudioVersion = 17.10.35013.160
MinimumVisualStudioVersion = 10.0.40219.1
Project("{9A19103F-16F7-4668-BE54-9A1E7A4F7556}") = "PetSafe", "PetSafe.csproj", "{ED010C49-E2CA-436F-AED7-96E7E51EAB23}"
EndProject
Global
	GlobalSection(SolutionConfigurationPlatforms) = preSolution
		Debug|Any CPU = Debug|Any CPU
		Release|Any CPU = Release|Any CPU
	EndGlobalSection
	GlobalSection(ProjectConfigurationPlatforms) = postSolution
		{ED010C49-E2CA-436F-AED7-96E7E51EAB23}.Debug|Any CPU.ActiveCfg = Debug|Any CPU
		{ED010C49-E2CA-436F-AED7-96E7E51EAB23}.Debug|Any CPU.Build.0 = Debug|Any CPU
		{ED010C49-E2CA-436F-AED7-96E7E51EAB23}.Release|Any CPU.ActiveCfg = Release|Any CPU
		{ED010C49-E2CA-436F-AED7-96E7E51EAB23}.Release|Any CPU.Build.0 = Release|Any CPU
	EndGlobalSection
	GlobalSection(SolutionProperties) = preSolution
		HideSolutionNode = FALSE
	EndGlobalSection
	GlobalSection(ExtensibilityGlobals) = postSolution
		SolutionGuid = {4363F4F7-73EA-4DC7-AD65-442C6EF6ADB7}
	EndGlobalSection
EndGlobal
